
Microsoft Visual Studio Solution File, Format Version 12.00
# Visual Studio Version 17
VisualStudioVersion = 17.0.31903.59
MinimumVisualStudioVersion = 10.0.40219.1
Project("{FAE04EC0-301F-11D3-BF4B-00C04F79EFBC}") = "GTMH", "GTMH\GTMH.csproj", "{04C6F92B-0279-4F6E-ABB6-55EADBED4555}"
EndProject
Project("{FAE04EC0-301F-11D3-BF4B-00C04F79EFBC}") = "GTMH.Rabbit", "GTMH.Rabbit\GTMH.Rabbit.csproj", "{08E2CD6F-B34B-4B4A-8315-5B831C1B1E73}"
EndProject
Project("{FAE04EC0-301F-11D3-BF4B-00C04F79EFBC}") = "GTMH.Rabbit.UnitTests", "GTMH.Rabbit\GTMH.Rabbit.UnitTests\GTMH.Rabbit.UnitTests.csproj", "{D6953D6C-B0C9-924B-ED03-0F6367ADDC56}"
EndProject
Project("{FAE04EC0-301F-11D3-BF4B-00C04F79EFBC}") = "GTMH.Rabbit.RPC.CodeGen", "GTMH.Rabbit.RPC.CodeGen\GTMH.Rabbit.RPC.CodeGen.csproj", "{EBA9D8C5-1E17-4FE1-B9FC-86618CA2D889}"
EndProject
Project("{FAE04EC0-301F-11D3-BF4B-00C04F79EFBC}") = "GTMH.Rabbit.RPC", "GTMH.Rabbit.RPC\GTMH.Rabbit.RPC.csproj", "{7750D64C-4871-A426-0207-C67CCC012B76}"
EndProject
Project("{FAE04EC0-301F-11D3-BF4B-00C04F79EFBC}") = "GTMH.Rabbit.RPC.UnitTests", "GTMH.Rabbit.RPC\GTMH.Rabbit.RPC.UnitTests\GTMH.Rabbit.RPC.UnitTests.csproj", "{0899D0A9-4681-1B84-C143-0ABF6CC3322D}"
EndProject
Project("{2150E333-8FDC-42A3-9474-1A3956D46DE8}") = "Examples", "Examples", "{B36A84DF-456D-A817-6EDD-3EC3E7F6E11F}"
EndProject
Project("{FAE04EC0-301F-11D3-BF4B-00C04F79EFBC}") = "SimpleConsoleClientServerRPC", "Examples\SimpleConsoleClientServerRPC\SimpleConsoleClientServerRPC.csproj", "{9119478D-6843-4B37-9E88-8686B2FA6CBA}"
EndProject
Project("{FAE04EC0-301F-11D3-BF4B-00C04F79EFBC}") = "SimpleConsoleProducerConsumer", "Examples\SimpleConsoleProducerConsumer\SimpleConsoleProducerConsumer.csproj", "{6FA0FF29-EE61-4674-BF25-02AD6678A11B}"
EndProject
Project("{FAE04EC0-301F-11D3-BF4B-00C04F79EFBC}") = "DIRPC.Shared", "Examples\DIRPC.Shared\DIRPC.Shared.csproj", "{9C97D771-C65F-4B21-9901-9311E438DEE1}"
EndProject
Global
	GlobalSection(SolutionConfigurationPlatforms) = preSolution
		Debug|Any CPU = Debug|Any CPU
		Debug|x64 = Debug|x64
		Debug|x86 = Debug|x86
		Release|Any CPU = Release|Any CPU
		Release|x64 = Release|x64
		Release|x86 = Release|x86
	EndGlobalSection
	GlobalSection(ProjectConfigurationPlatforms) = postSolution
		{04C6F92B-0279-4F6E-ABB6-55EADBED4555}.Debug|Any CPU.ActiveCfg = Debug|Any CPU
		{04C6F92B-0279-4F6E-ABB6-55EADBED4555}.Debug|Any CPU.Build.0 = Debug|Any CPU
		{04C6F92B-0279-4F6E-ABB6-55EADBED4555}.Debug|x64.ActiveCfg = Debug|Any CPU
		{04C6F92B-0279-4F6E-ABB6-55EADBED4555}.Debug|x64.Build.0 = Debug|Any CPU
		{04C6F92B-0279-4F6E-ABB6-55EADBED4555}.Debug|x86.ActiveCfg = Debug|Any CPU
		{04C6F92B-0279-4F6E-ABB6-55EADBED4555}.Debug|x86.Build.0 = Debug|Any CPU
		{04C6F92B-0279-4F6E-ABB6-55EADBED4555}.Release|Any CPU.ActiveCfg = Release|Any CPU
		{04C6F92B-0279-4F6E-ABB6-55EADBED4555}.Release|Any CPU.Build.0 = Release|Any CPU
		{04C6F92B-0279-4F6E-ABB6-55EADBED4555}.Release|x64.ActiveCfg = Release|Any CPU
		{04C6F92B-0279-4F6E-ABB6-55EADBED4555}.Release|x64.Build.0 = Release|Any CPU
		{04C6F92B-0279-4F6E-ABB6-55EADBED4555}.Release|x86.ActiveCfg = Release|Any CPU
		{04C6F92B-0279-4F6E-ABB6-55EADBED4555}.Release|x86.Build.0 = Release|Any CPU
		{08E2CD6F-B34B-4B4A-8315-5B831C1B1E73}.Debug|Any CPU.ActiveCfg = Debug|Any CPU
		{08E2CD6F-B34B-4B4A-8315-5B831C1B1E73}.Debug|Any CPU.Build.0 = Debug|Any CPU
		{08E2CD6F-B34B-4B4A-8315-5B831C1B1E73}.Debug|x64.ActiveCfg = Debug|Any CPU
		{08E2CD6F-B34B-4B4A-8315-5B831C1B1E73}.Debug|x64.Build.0 = Debug|Any CPU
		{08E2CD6F-B34B-4B4A-8315-5B831C1B1E73}.Debug|x86.ActiveCfg = Debug|Any CPU
		{08E2CD6F-B34B-4B4A-8315-5B831C1B1E73}.Debug|x86.Build.0 = Debug|Any CPU
		{08E2CD6F-B34B-4B4A-8315-5B831C1B1E73}.Release|Any CPU.ActiveCfg = Release|Any CPU
		{08E2CD6F-B34B-4B4A-8315-5B831C1B1E73}.Release|Any CPU.Build.0 = Release|Any CPU
		{08E2CD6F-B34B-4B4A-8315-5B831C1B1E73}.Release|x64.ActiveCfg = Release|Any CPU
		{08E2CD6F-B34B-4B4A-8315-5B831C1B1E73}.Release|x64.Build.0 = Release|Any CPU
		{08E2CD6F-B34B-4B4A-8315-5B831C1B1E73}.Release|x86.ActiveCfg = Release|Any CPU
		{08E2CD6F-B34B-4B4A-8315-5B831C1B1E73}.Release|x86.Build.0 = Release|Any CPU
		{D6953D6C-B0C9-924B-ED03-0F6367ADDC56}.Debug|Any CPU.ActiveCfg = Debug|Any CPU
		{D6953D6C-B0C9-924B-ED03-0F6367ADDC56}.Debug|Any CPU.Build.0 = Debug|Any CPU
		{D6953D6C-B0C9-924B-ED03-0F6367ADDC56}.Debug|x64.ActiveCfg = Debug|Any CPU
		{D6953D6C-B0C9-924B-ED03-0F6367ADDC56}.Debug|x64.Build.0 = Debug|Any CPU
		{D6953D6C-B0C9-924B-ED03-0F6367ADDC56}.Debug|x86.ActiveCfg = Debug|Any CPU
		{D6953D6C-B0C9-924B-ED03-0F6367ADDC56}.Debug|x86.Build.0 = Debug|Any CPU
		{D6953D6C-B0C9-924B-ED03-0F6367ADDC56}.Release|Any CPU.ActiveCfg = Release|Any CPU
		{D6953D6C-B0C9-924B-ED03-0F6367ADDC56}.Release|Any CPU.Build.0 = Release|Any CPU
		{D6953D6C-B0C9-924B-ED03-0F6367ADDC56}.Release|x64.ActiveCfg = Release|Any CPU
		{D6953D6C-B0C9-924B-ED03-0F6367ADDC56}.Release|x64.Build.0 = Release|Any CPU
		{D6953D6C-B0C9-924B-ED03-0F6367ADDC56}.Release|x86.ActiveCfg = Release|Any CPU
		{D6953D6C-B0C9-924B-ED03-0F6367ADDC56}.Release|x86.Build.0 = Release|Any CPU
		{EBA9D8C5-1E17-4FE1-B9FC-86618CA2D889}.Debug|Any CPU.ActiveCfg = Debug|Any CPU
		{EBA9D8C5-1E17-4FE1-B9FC-86618CA2D889}.Debug|Any CPU.Build.0 = Debug|Any CPU
		{EBA9D8C5-1E17-4FE1-B9FC-86618CA2D889}.Debug|x64.ActiveCfg = Debug|Any CPU
		{EBA9D8C5-1E17-4FE1-B9FC-86618CA2D889}.Debug|x64.Build.0 = Debug|Any CPU
		{EBA9D8C5-1E17-4FE1-B9FC-86618CA2D889}.Debug|x86.ActiveCfg = Debug|Any CPU
		{EBA9D8C5-1E17-4FE1-B9FC-86618CA2D889}.Debug|x86.Build.0 = Debug|Any CPU
		{EBA9D8C5-1E17-4FE1-B9FC-86618CA2D889}.Release|Any CPU.ActiveCfg = Release|Any CPU
		{EBA9D8C5-1E17-4FE1-B9FC-86618CA2D889}.Release|Any CPU.Build.0 = Release|Any CPU
		{EBA9D8C5-1E17-4FE1-B9FC-86618CA2D889}.Release|x64.ActiveCfg = Release|Any CPU
		{EBA9D8C5-1E17-4FE1-B9FC-86618CA2D889}.Release|x64.Build.0 = Release|Any CPU
		{EBA9D8C5-1E17-4FE1-B9FC-86618CA2D889}.Release|x86.ActiveCfg = Release|Any CPU
		{EBA9D8C5-1E17-4FE1-B9FC-86618CA2D889}.Release|x86.Build.0 = Release|Any CPU
		{7750D64C-4871-A426-0207-C67CCC012B76}.Debug|Any CPU.ActiveCfg = Debug|Any CPU
		{7750D64C-4871-A426-0207-C67CCC012B76}.Debug|Any CPU.Build.0 = Debug|Any CPU
		{7750D64C-4871-A426-0207-C67CCC012B76}.Debug|x64.ActiveCfg = Debug|Any CPU
		{7750D64C-4871-A426-0207-C67CCC012B76}.Debug|x64.Build.0 = Debug|Any CPU
		{7750D64C-4871-A426-0207-C67CCC012B76}.Debug|x86.ActiveCfg = Debug|Any CPU
		{7750D64C-4871-A426-0207-C67CCC012B76}.Debug|x86.Build.0 = Debug|Any CPU
		{7750D64C-4871-A426-0207-C67CCC012B76}.Release|Any CPU.ActiveCfg = Release|Any CPU
		{7750D64C-4871-A426-0207-C67CCC012B76}.Release|Any CPU.Build.0 = Release|Any CPU
		{7750D64C-4871-A426-0207-C67CCC012B76}.Release|x64.ActiveCfg = Release|Any CPU
		{7750D64C-4871-A426-0207-C67CCC012B76}.Release|x64.Build.0 = Release|Any CPU
		{7750D64C-4871-A426-0207-C67CCC012B76}.Release|x86.ActiveCfg = Release|Any CPU
		{7750D64C-4871-A426-0207-C67CCC012B76}.Release|x86.Build.0 = Release|Any CPU
		{0899D0A9-4681-1B84-C143-0ABF6CC3322D}.Debug|Any CPU.ActiveCfg = Debug|Any CPU
		{0899D0A9-4681-1B84-C143-0ABF6CC3322D}.Debug|Any CPU.Build.0 = Debug|Any CPU
		{0899D0A9-4681-1B84-C143-0ABF6CC3322D}.Debug|x64.ActiveCfg = Debug|Any CPU
		{0899D0A9-4681-1B84-C143-0ABF6CC3322D}.Debug|x64.Build.0 = Debug|Any CPU
		{0899D0A9-4681-1B84-C143-0ABF6CC3322D}.Debug|x86.ActiveCfg = Debug|Any CPU
		{0899D0A9-4681-1B84-C143-0ABF6CC3322D}.Debug|x86.Build.0 = Debug|Any CPU
		{0899D0A9-4681-1B84-C143-0ABF6CC3322D}.Release|Any CPU.ActiveCfg = Release|Any CPU
		{0899D0A9-4681-1B84-C143-0ABF6CC3322D}.Release|Any CPU.Build.0 = Release|Any CPU
		{0899D0A9-4681-1B84-C143-0ABF6CC3322D}.Release|x64.ActiveCfg = Release|Any CPU
		{0899D0A9-4681-1B84-C143-0ABF6CC3322D}.Release|x64.Build.0 = Release|Any CPU
		{0899D0A9-4681-1B84-C143-0ABF6CC3322D}.Release|x86.ActiveCfg = Release|Any CPU
		{0899D0A9-4681-1B84-C143-0ABF6CC3322D}.Release|x86.Build.0 = Release|Any CPU
		{9119478D-6843-4B37-9E88-8686B2FA6CBA}.Debug|Any CPU.ActiveCfg = Debug|Any CPU
		{9119478D-6843-4B37-9E88-8686B2FA6CBA}.Debug|Any CPU.Build.0 = Debug|Any CPU
		{9119478D-6843-4B37-9E88-8686B2FA6CBA}.Debug|x64.ActiveCfg = Debug|Any CPU
		{9119478D-6843-4B37-9E88-8686B2FA6CBA}.Debug|x64.Build.0 = Debug|Any CPU
		{9119478D-6843-4B37-9E88-8686B2FA6CBA}.Debug|x86.ActiveCfg = Debug|Any CPU
		{9119478D-6843-4B37-9E88-8686B2FA6CBA}.Debug|x86.Build.0 = Debug|Any CPU
		{9119478D-6843-4B37-9E88-8686B2FA6CBA}.Release|Any CPU.ActiveCfg = Release|Any CPU
		{9119478D-6843-4B37-9E88-8686B2FA6CBA}.Release|Any CPU.Build.0 = Release|Any CPU
		{9119478D-6843-4B37-9E88-8686B2FA6CBA}.Release|x64.ActiveCfg = Release|Any CPU
		{9119478D-6843-4B37-9E88-8686B2FA6CBA}.Release|x64.Build.0 = Release|Any CPU
		{9119478D-6843-4B37-9E88-8686B2FA6CBA}.Release|x86.ActiveCfg = Release|Any CPU
		{9119478D-6843-4B37-9E88-8686B2FA6CBA}.Release|x86.Build.0 = Release|Any CPU
		{6FA0FF29-EE61-4674-BF25-02AD6678A11B}.Debug|Any CPU.ActiveCfg = Debug|Any CPU
		{6FA0FF29-EE61-4674-BF25-02AD6678A11B}.Debug|Any CPU.Build.0 = Debug|Any CPU
		{6FA0FF29-EE61-4674-BF25-02AD6678A11B}.Debug|x64.ActiveCfg = Debug|Any CPU
		{6FA0FF29-EE61-4674-BF25-02AD6678A11B}.Debug|x64.Build.0 = Debug|Any CPU
		{6FA0FF29-EE61-4674-BF25-02AD6678A11B}.Debug|x86.ActiveCfg = Debug|Any CPU
		{6FA0FF29-EE61-4674-BF25-02AD6678A11B}.Debug|x86.Build.0 = Debug|Any CPU
		{6FA0FF29-EE61-4674-BF25-02AD6678A11B}.Release|Any CPU.ActiveCfg = Release|Any CPU
		{6FA0FF29-EE61-4674-BF25-02AD6678A11B}.Release|Any CPU.Build.0 = Release|Any CPU
		{6FA0FF29-EE61-4674-BF25-02AD6678A11B}.Release|x64.ActiveCfg = Release|Any CPU
		{6FA0FF29-EE61-4674-BF25-02AD6678A11B}.Release|x64.Build.0 = Release|Any CPU
		{6FA0FF29-EE61-4674-BF25-02AD6678A11B}.Release|x86.ActiveCfg = Release|Any CPU
		{6FA0FF29-EE61-4674-BF25-02AD6678A11B}.Release|x86.Build.0 = Release|Any CPU
		{9C97D771-C65F-4B21-9901-9311E438DEE1}.Debug|Any CPU.ActiveCfg = Debug|Any CPU
		{9C97D771-C65F-4B21-9901-9311E438DEE1}.Debug|Any CPU.Build.0 = Debug|Any CPU
		{9C97D771-C65F-4B21-9901-9311E438DEE1}.Debug|x64.ActiveCfg = Debug|Any CPU
		{9C97D771-C65F-4B21-9901-9311E438DEE1}.Debug|x64.Build.0 = Debug|Any CPU
		{9C97D771-C65F-4B21-9901-9311E438DEE1}.Debug|x86.ActiveCfg = Debug|Any CPU
		{9C97D771-C65F-4B21-9901-9311E438DEE1}.Debug|x86.Build.0 = Debug|Any CPU
		{9C97D771-C65F-4B21-9901-9311E438DEE1}.Release|Any CPU.ActiveCfg = Release|Any CPU
		{9C97D771-C65F-4B21-9901-9311E438DEE1}.Release|Any CPU.Build.0 = Release|Any CPU
		{9C97D771-C65F-4B21-9901-9311E438DEE1}.Release|x64.ActiveCfg = Release|Any CPU
		{9C97D771-C65F-4B21-9901-9311E438DEE1}.Release|x64.Build.0 = Release|Any CPU
		{9C97D771-C65F-4B21-9901-9311E438DEE1}.Release|x86.ActiveCfg = Release|Any CPU
		{9C97D771-C65F-4B21-9901-9311E438DEE1}.Release|x86.Build.0 = Release|Any CPU
	EndGlobalSection
	GlobalSection(SolutionProperties) = preSolution
		HideSolutionNode = FALSE
	EndGlobalSection
	GlobalSection(NestedProjects) = preSolution
		{9119478D-6843-4B37-9E88-8686B2FA6CBA} = {B36A84DF-456D-A817-6EDD-3EC3E7F6E11F}
		{6FA0FF29-EE61-4674-BF25-02AD6678A11B} = {B36A84DF-456D-A817-6EDD-3EC3E7F6E11F}
		{9C97D771-C65F-4B21-9901-9311E438DEE1} = {B36A84DF-456D-A817-6EDD-3EC3E7F6E11F}
	EndGlobalSection
	GlobalSection(ExtensibilityGlobals) = postSolution
		SolutionGuid = {EA516CE0-782F-4A19-8BED-3F5DE0BA5F7C}
	EndGlobalSection
EndGlobal
